
Microsoft Visual Studio Solution File, Format Version 12.00
# Visual Studio Version 17
VisualStudioVersion = 17.2.32630.192
MinimumVisualStudioVersion = 10.0.40219.1
Project("{FAE04EC0-301F-11D3-BF4B-00C04F79EFBC}") = "API Mimuseum", "API Mimuseum\API Mimuseum.csproj", "{DCBECB37-CADA-4EA4-96EE-9FD60433E040}"
EndProject
Global
	GlobalSection(SolutionConfigurationPlatforms) = preSolution
		Debug|Any CPU = Debug|Any CPU
		Release|Any CPU = Release|Any CPU
	EndGlobalSection
	GlobalSection(ProjectConfigurationPlatforms) = postSolution
		{DCBECB37-CADA-4EA4-96EE-9FD60433E040}.Debug|Any CPU.ActiveCfg = Debug|Any CPU
		{DCBECB37-CADA-4EA4-96EE-9FD60433E040}.Debug|Any CPU.Build.0 = Debug|Any CPU
		{DCBECB37-CADA-4EA4-96EE-9FD60433E040}.Release|Any CPU.ActiveCfg = Release|Any CPU
		{DCBECB37-CADA-4EA4-96EE-9FD60433E040}.Release|Any CPU.Build.0 = Release|Any CPU
	EndGlobalSection
	GlobalSection(SolutionProperties) = preSolution
		HideSolutionNode = FALSE
	EndGlobalSection
	GlobalSection(ExtensibilityGlobals) = postSolution
		SolutionGuid = {DE80F9BF-5B6C-4037-97E5-B572C5217015}
	EndGlobalSection
EndGlobal
